%{
  "benchfella": {:hex, :benchfella, "0.3.5", "b2122c234117b3f91ed7b43b6e915e19e1ab216971154acd0a80ce0e9b8c05f5", [:mix], [], "hexpm"},
  "distance": {:hex, :distance, "0.2.2", "76f7cd6b6e21b3c1430a0776d594955baafd9ebf1133f98f62cdbb180074215a", [:mix], [], "hexpm"},
  "earmark": {:hex, :earmark, "1.2.5", "4d21980d5d2862a2e13ec3c49ad9ad783ffc7ca5769cf6ff891a4553fbaae761", [:mix], [], "hexpm"},
  "envelope": {:hex, :envelope, "1.2.0", "ebd4644b0c51a209671e7f73e530cf427b8abefcae78b90b6ef27f454327ee45", [:mix], [{:distance, "~> 0.2.1", [hex: :distance, repo: "hexpm", optional: false]}, {:geo, "~> 1.0 or ~> 2.0 or ~> 3.0", [hex: :geo, repo: "hexpm", optional: false]}], "hexpm"},
  "ex_doc": {:hex, :ex_doc, "0.19.1", "519bb9c19526ca51d326c060cb1778d4a9056b190086a8c6c115828eaccea6cf", [:mix], [{:earmark, "~> 1.1", [hex: :earmark, repo: "hexpm", optional: false]}, {:makeup_elixir, "~> 0.7", [hex: :makeup_elixir, repo: "hexpm", optional: false]}], "hexpm"},
  "gen_state_machine": {:hex, :gen_state_machine, "2.0.2", "52abcba0981a058940c2a9b33b704e126d808418a6e85d45fa466d7450a90381", [:mix], [], "hexpm"},
  "geo": {:hex, :geo, "1.5.0", "14301aae05bc9124f36b3726e028830477d2ee6b397b7a00b98eca3da06de193", [:mix], [{:ecto, "~> 2.1", [hex: :ecto, repo: "hexpm", optional: true]}, {:poison, "~> 1.5 or ~> 2.0 or ~> 3.0", [hex: :poison, repo: "hexpm", optional: true]}, {:postgrex, "~> 0.13", [hex: :postgrex, repo: "hexpm", optional: true]}], "hexpm"},
  "makeup": {:hex, :makeup, "0.5.1", "966c5c2296da272d42f1de178c1d135e432662eca795d6dc12e5e8787514edf7", [:mix], [{:nimble_parsec, "~> 0.2.2", [hex: :nimble_parsec, repo: "hexpm", optional: false]}], "hexpm"},
  "makeup_elixir": {:hex, :makeup_elixir, "0.8.0", "1204a2f5b4f181775a0e456154830524cf2207cf4f9112215c05e0b76e4eca8b", [:mix], [{:makeup, "~> 0.5.0", [hex: :makeup, repo: "hexpm", optional: false]}, {:nimble_parsec, "~> 0.2.2", [hex: :nimble_parsec, repo: "hexpm", optional: false]}], "hexpm"},
  "nimble_parsec": {:hex, :nimble_parsec, "0.2.2", "d526b23bdceb04c7ad15b33c57c4526bf5f50aaa70c7c141b4b4624555c68259", [:mix], [], "hexpm"},
  "poison": {:hex, :poison, "2.2.0", "4763b69a8a77bd77d26f477d196428b741261a761257ff1cf92753a0d4d24a63", [:mix], [], "hexpm"},
  "poolboy": {:hex, :poolboy, "1.5.1", "6b46163901cfd0a1b43d692657ed9d7e599853b3b21b95ae5ae0a777cf9b6ca8", [:rebar], [], "hexpm"},
  "seg_seg": {:hex, :seg_seg, "0.0.1", "3bf890734bfc4d69070b259f041263368ae9d2a003ed6e66de6b54523d970db1", [:mix], [{:vector, "~> 0.2.1", [hex: :vector, repo: "hexpm", optional: false]}], "hexpm"},
  "spatial_hash": {:hex, :spatial_hash, "0.1.6", "e9756dda975577a475d622b8ca90c085ea55af0c27a63eda77d4cff5795edd22", [:mix], [{:envelope, "~> 1.2", [hex: :envelope, repo: "hexpm", optional: false]}], "hexpm"},
  "topo": {:hex, :topo, "0.1.2", "1e075ef880e751a5b1fd330de7f26d81ee96a095eac991fff819ac4623311f5a", [:mix], [{:geo, "~> 1.0", [hex: :geo, repo: "hexpm", optional: false]}, {:seg_seg, "~> 0.0.0", [hex: :seg_seg, repo: "hexpm", optional: false]}, {:vector, "~> 0.2.0", [hex: :vector, repo: "hexpm", optional: false]}], "hexpm"},
  "uuid": {:hex, :uuid, "1.1.8", "e22fc04499de0de3ed1116b770c7737779f226ceefa0badb3592e64d5cfb4eb9", [:mix], [], "hexpm"},
  "vector": {:hex, :vector, "0.2.2", "2a36b57c5307bf7e35b7dd4545e7abf827bbc469a2fb37e25ac331a063df7de9", [:mix], [], "hexpm"},
}
