%{"beaker": {:hex, :beaker, "1.3.0", "c3d7264016881681e3b0d5fd8630c7e6c354948d09eda7e6bdbf342655fe646c", [:mix], [{:bureaucrat, "~> 0.1.4", [hex: :bureaucrat, optional: false]}, {:ecto, "~> 2.0", [hex: :ecto, optional: true]}, {:phoenix, "~> 1.2.1", [hex: :phoenix, optional: true]}]},
  "benchfella": {:hex, :benchfella, "0.3.5", "b2122c234117b3f91ed7b43b6e915e19e1ab216971154acd0a80ce0e9b8c05f5", [:mix], []},
  "bureaucrat": {:hex, :bureaucrat, "0.1.4", "63c955828ba6f47f8978d984031e7a208402f634db899999e12352bb72f21aaf", [:mix], [{:plug, "~> 0.14 or ~> 1.0", [hex: :plug, optional: false]}]},
  "connection": {:hex, :connection, "1.0.4", "a1cae72211f0eef17705aaededacac3eb30e6625b04a6117c1b2db6ace7d5976", [:mix], []},
  "distance": {:hex, :distance, "0.2.2", "76f7cd6b6e21b3c1430a0776d594955baafd9ebf1133f98f62cdbb180074215a", [:mix], []},
  "envelope": {:hex, :envelope, "0.4.0", "c472cb82b87210b81a2a065833eda511a170fa8e07793f6192725d68a2f8f7d0", [:mix], [{:distance, "~> 0.2.1", [hex: :distance, optional: false]}, {:geo, "~> 1.0", [hex: :geo, optional: false]}]},
  "gen_state_machine": {:hex, :gen_state_machine, "2.0.0", "f3bc7d961e4cd9f37944b379137e25fd063feffc42800bed69197fd1b78b3151", [:mix], []},
  "geo": {:hex, :geo, "1.5.0", "14301aae05bc9124f36b3726e028830477d2ee6b397b7a00b98eca3da06de193", [:mix], [{:ecto, "~> 2.1", [hex: :ecto, optional: true]}, {:poison, "~> 1.5 or ~> 2.0 or ~> 3.0", [hex: :poison, optional: true]}, {:postgrex, "~> 0.13", [hex: :postgrex, optional: true]}]},
  "libring": {:hex, :libring, "1.2.1", "8e8a40a71df2f09819d5033781fff922299a2f5f15f1cd391c54938556a85e72", [:mix], []},
  "mime": {:hex, :mime, "1.1.0", "01c1d6f4083d8aa5c7b8c246ade95139620ef8effb009edde934e0ec3b28090a", [:mix], []},
  "plug": {:hex, :plug, "1.4.3", "236d77ce7bf3e3a2668dc0d32a9b6f1f9b1f05361019946aae49874904be4aed", [:mix], [{:cowboy, "~> 1.0.1 or ~> 1.1", [hex: :cowboy, optional: true]}, {:mime, "~> 1.0", [hex: :mime, optional: false]}]},
  "poison": {:hex, :poison, "2.2.0", "4763b69a8a77bd77d26f477d196428b741261a761257ff1cf92753a0d4d24a63", [:mix], []},
  "poolboy": {:hex, :poolboy, "1.5.1", "6b46163901cfd0a1b43d692657ed9d7e599853b3b21b95ae5ae0a777cf9b6ca8", [:rebar], []},
  "redix": {:hex, :redix, "0.6.1", "20986b0e02f02b13e6f53c79a1ae70aa83147488c408f40275ec261f5bb0a6d0", [:mix], [{:connection, "~> 1.0", [hex: :connection, optional: false]}]},
  "seg_seg": {:hex, :seg_seg, "0.0.1", "3bf890734bfc4d69070b259f041263368ae9d2a003ed6e66de6b54523d970db1", [:mix], [{:vector, "~> 0.2.1", [hex: :vector, optional: false]}]},
  "spatial_hash": {:hex, :spatial_hash, "0.1.4", "9fb644efd50c21c3447696ac553e2c4c2a0e9bef8c7623e01bff5c66117a557f", [:mix], [{:envelope, "~> 0.4", [hex: :envelope, optional: false]}]},
  "swarm": {:hex, :swarm, "3.0.5", "c54ead44ca5f879959899f325f0e6b904e1a219faecb24ca4e55aad1fe38fecc", [:mix], [{:gen_state_machine, "~> 2.0", [hex: :gen_state_machine, optional: false]}, {:libring, "~> 1.0", [hex: :libring, optional: false]}]},
  "topo": {:hex, :topo, "0.1.2", "1e075ef880e751a5b1fd330de7f26d81ee96a095eac991fff819ac4623311f5a", [:mix], [{:geo, "~> 1.0", [hex: :geo, optional: false]}, {:seg_seg, "~> 0.0.0", [hex: :seg_seg, optional: false]}, {:vector, "~> 0.2.0", [hex: :vector, optional: false]}]},
  "uuid": {:hex, :uuid, "1.1.7", "007afd58273bc0bc7f849c3bdc763e2f8124e83b957e515368c498b641f7ab69", [:mix], []},
  "vector": {:hex, :vector, "0.2.2", "2a36b57c5307bf7e35b7dd4545e7abf827bbc469a2fb37e25ac331a063df7de9", [:mix], []}}
